// !$*UTF8*$!
{
	archiveVersion = 1;
	classes = {
	};
	objectVersion = 55;
	objects = {

/* Begin PBXBuildFile section */
		7F1786DC27B0CA2400E6A4D8 /* AppDelegate.swift in Sources */ = {isa = PBXBuildFile; fileRef = 7F1786DB27B0CA2400E6A4D8 /* AppDelegate.swift */; };
		7F1786DE27B0CA2400E6A4D8 /* SceneDelegate.swift in Sources */ = {isa = PBXBuildFile; fileRef = 7F1786DD27B0CA2400E6A4D8 /* SceneDelegate.swift */; };
		7F1786E027B0CA2400E6A4D8 /* ViewController.swift in Sources */ = {isa = PBXBuildFile; fileRef = 7F1786DF27B0CA2400E6A4D8 /* ViewController.swift */; };
		7F1786E327B0CA2400E6A4D8 /* Main.storyboard in Resources */ = {isa = PBXBuildFile; fileRef = 7F1786E127B0CA2400E6A4D8 /* Main.storyboard */; };
		7F1786E527B0CA2800E6A4D8 /* Assets.xcassets in Resources */ = {isa = PBXBuildFile; fileRef = 7F1786E427B0CA2800E6A4D8 /* Assets.xcassets */; };
		7F1786E827B0CA2800E6A4D8 /* LaunchScreen.storyboard in Resources */ = {isa = PBXBuildFile; fileRef = 7F1786E627B0CA2800E6A4D8 /* LaunchScreen.storyboard */; };
		7F1786F327B0CA2800E6A4D8 /* XcceleratorTests.swift in Sources */ = {isa = PBXBuildFile; fileRef = 7F1786F227B0CA2800E6A4D8 /* XcceleratorTests.swift */; };
		7F1786FD27B0CA2800E6A4D8 /* XcceleratorUITests.swift in Sources */ = {isa = PBXBuildFile; fileRef = 7F1786FC27B0CA2800E6A4D8 /* XcceleratorUITests.swift */; };
		7F1786FF27B0CA2800E6A4D8 /* XcceleratorUITestsLaunchTests.swift in Sources */ = {isa = PBXBuildFile; fileRef = 7F1786FE27B0CA2800E6A4D8 /* XcceleratorUITestsLaunchTests.swift */; };
		7F17874F27B230D700E6A4D8 /* CarPostViewController.swift in Sources */ = {isa = PBXBuildFile; fileRef = 7F17874E27B230D700E6A4D8 /* CarPostViewController.swift */; };
		7F17875227B2470500E6A4D8 /* Alamofire in Frameworks */ = {isa = PBXBuildFile; productRef = 7F17875127B2470500E6A4D8 /* Alamofire */; };
		7F17875427B2477000E6A4D8 /* APIFunctions.swift in Sources */ = {isa = PBXBuildFile; fileRef = 7F17875327B2477000E6A4D8 /* APIFunctions.swift */; };
		7F1787D127BB7A9600E6A4D8 /* CarPostsCell.swift in Sources */ = {isa = PBXBuildFile; fileRef = 7F1787D027BB7A9600E6A4D8 /* CarPostsCell.swift */; };
		7F1787D327BC016D00E6A4D8 /* CarViewController.swift in Sources */ = {isa = PBXBuildFile; fileRef = 7F1787D227BC016D00E6A4D8 /* CarViewController.swift */; };
/* End PBXBuildFile section */

/* Begin PBXContainerItemProxy section */
		7F1786EF27B0CA2800E6A4D8 /* PBXContainerItemProxy */ = {
			isa = PBXContainerItemProxy;
			containerPortal = 7F1786D027B0CA2300E6A4D8 /* Project object */;
			proxyType = 1;
			remoteGlobalIDString = 7F1786D727B0CA2400E6A4D8;
			remoteInfo = Xccelerator;
		};
		7F1786F927B0CA2800E6A4D8 /* PBXContainerItemProxy */ = {
			isa = PBXContainerItemProxy;
			containerPortal = 7F1786D027B0CA2300E6A4D8 /* Project object */;
			proxyType = 1;
			remoteGlobalIDString = 7F1786D727B0CA2400E6A4D8;
			remoteInfo = Xccelerator;
		};
/* End PBXContainerItemProxy section */

/* Begin PBXFileReference section */
		7F1786D827B0CA2400E6A4D8 /* Xccelerator.app */ = {isa = PBXFileReference; explicitFileType = wrapper.application; includeInIndex = 0; path = Xccelerator.app; sourceTree = BUILT_PRODUCTS_DIR; };
		7F1786DB27B0CA2400E6A4D8 /* AppDelegate.swift */ = {isa = PBXFileReference; lastKnownFileType = sourcecode.swift; path = AppDelegate.swift; sourceTree = "<group>"; };
		7F1786DD27B0CA2400E6A4D8 /* SceneDelegate.swift */ = {isa = PBXFileReference; lastKnownFileType = sourcecode.swift; path = SceneDelegate.swift; sourceTree = "<group>"; };
		7F1786DF27B0CA2400E6A4D8 /* ViewController.swift */ = {isa = PBXFileReference; lastKnownFileType = sourcecode.swift; path = ViewController.swift; sourceTree = "<group>"; };
		7F1786E227B0CA2400E6A4D8 /* Base */ = {isa = PBXFileReference; lastKnownFileType = file.storyboard; name = Base; path = Base.lproj/Main.storyboard; sourceTree = "<group>"; };
		7F1786E427B0CA2800E6A4D8 /* Assets.xcassets */ = {isa = PBXFileReference; lastKnownFileType = folder.assetcatalog; path = Assets.xcassets; sourceTree = "<group>"; };
		7F1786E727B0CA2800E6A4D8 /* Base */ = {isa = PBXFileReference; lastKnownFileType = file.storyboard; name = Base; path = Base.lproj/LaunchScreen.storyboard; sourceTree = "<group>"; };
		7F1786E927B0CA2800E6A4D8 /* Info.plist */ = {isa = PBXFileReference; lastKnownFileType = text.plist.xml; path = Info.plist; sourceTree = "<group>"; };
		7F1786EE27B0CA2800E6A4D8 /* XcceleratorTests.xctest */ = {isa = PBXFileReference; explicitFileType = wrapper.cfbundle; includeInIndex = 0; path = XcceleratorTests.xctest; sourceTree = BUILT_PRODUCTS_DIR; };
		7F1786F227B0CA2800E6A4D8 /* XcceleratorTests.swift */ = {isa = PBXFileReference; lastKnownFileType = sourcecode.swift; path = XcceleratorTests.swift; sourceTree = "<group>"; };
		7F1786F827B0CA2800E6A4D8 /* XcceleratorUITests.xctest */ = {isa = PBXFileReference; explicitFileType = wrapper.cfbundle; includeInIndex = 0; path = XcceleratorUITests.xctest; sourceTree = BUILT_PRODUCTS_DIR; };
		7F1786FC27B0CA2800E6A4D8 /* XcceleratorUITests.swift */ = {isa = PBXFileReference; lastKnownFileType = sourcecode.swift; path = XcceleratorUITests.swift; sourceTree = "<group>"; };
		7F1786FE27B0CA2800E6A4D8 /* XcceleratorUITestsLaunchTests.swift */ = {isa = PBXFileReference; lastKnownFileType = sourcecode.swift; path = XcceleratorUITestsLaunchTests.swift; sourceTree = "<group>"; };
		7F17874E27B230D700E6A4D8 /* CarPostViewController.swift */ = {isa = PBXFileReference; lastKnownFileType = sourcecode.swift; path = CarPostViewController.swift; sourceTree = "<group>"; };
		7F17875327B2477000E6A4D8 /* APIFunctions.swift */ = {isa = PBXFileReference; lastKnownFileType = sourcecode.swift; path = APIFunctions.swift; sourceTree = "<group>"; };
		7F1787D027BB7A9600E6A4D8 /* CarPostsCell.swift */ = {isa = PBXFileReference; lastKnownFileType = sourcecode.swift; path = CarPostsCell.swift; sourceTree = "<group>"; };
		7F1787D227BC016D00E6A4D8 /* CarViewController.swift */ = {isa = PBXFileReference; lastKnownFileType = sourcecode.swift; path = CarViewController.swift; sourceTree = "<group>"; };
/* End PBXFileReference section */

/* Begin PBXFrameworksBuildPhase section */
		7F1786D527B0CA2400E6A4D8 /* Frameworks */ = {
			isa = PBXFrameworksBuildPhase;
			buildActionMask = 2147483647;
			files = (
				7F17875227B2470500E6A4D8 /* Alamofire in Frameworks */,
			);
			runOnlyForDeploymentPostprocessing = 0;
		};
		7F1786EB27B0CA2800E6A4D8 /* Frameworks */ = {
			isa = PBXFrameworksBuildPhase;
			buildActionMask = 2147483647;
			files = (
			);
			runOnlyForDeploymentPostprocessing = 0;
		};
		7F1786F527B0CA2800E6A4D8 /* Frameworks */ = {
			isa = PBXFrameworksBuildPhase;
			buildActionMask = 2147483647;
			files = (
			);
			runOnlyForDeploymentPostprocessing = 0;
		};
/* End PBXFrameworksBuildPhase section */

/* Begin PBXGroup section */
		7F1786CF27B0CA2300E6A4D8 = {
			isa = PBXGroup;
			children = (
				7F1786DA27B0CA2400E6A4D8 /* Xccelerator */,
				7F1786F127B0CA2800E6A4D8 /* XcceleratorTests */,
				7F1786FB27B0CA2800E6A4D8 /* XcceleratorUITests */,
				7F1786D927B0CA2400E6A4D8 /* Products */,
			);
			sourceTree = "<group>";
		};
		7F1786D927B0CA2400E6A4D8 /* Products */ = {
			isa = PBXGroup;
			children = (
				7F1786D827B0CA2400E6A4D8 /* Xccelerator.app */,
				7F1786EE27B0CA2800E6A4D8 /* XcceleratorTests.xctest */,
				7F1786F827B0CA2800E6A4D8 /* XcceleratorUITests.xctest */,
			);
			name = Products;
			sourceTree = "<group>";
		};
		7F1786DA27B0CA2400E6A4D8 /* Xccelerator */ = {
			isa = PBXGroup;
			children = (
				7F1787D227BC016D00E6A4D8 /* CarViewController.swift */,
				7F1786DB27B0CA2400E6A4D8 /* AppDelegate.swift */,
				7F1786DD27B0CA2400E6A4D8 /* SceneDelegate.swift */,
				7F1786DF27B0CA2400E6A4D8 /* ViewController.swift */,
				7F1786E127B0CA2400E6A4D8 /* Main.storyboard */,
				7F1787D027BB7A9600E6A4D8 /* CarPostsCell.swift */,
				7F17874E27B230D700E6A4D8 /* CarPostViewController.swift */,
				7F1786E427B0CA2800E6A4D8 /* Assets.xcassets */,
				7F1786E627B0CA2800E6A4D8 /* LaunchScreen.storyboard */,
				7F1786E927B0CA2800E6A4D8 /* Info.plist */,
				7F17875327B2477000E6A4D8 /* APIFunctions.swift */,
			);
			path = Xccelerator;
			sourceTree = "<group>";
		};
		7F1786F127B0CA2800E6A4D8 /* XcceleratorTests */ = {
			isa = PBXGroup;
			children = (
				7F1786F227B0CA2800E6A4D8 /* XcceleratorTests.swift */,
			);
			path = XcceleratorTests;
			sourceTree = "<group>";
		};
		7F1786FB27B0CA2800E6A4D8 /* XcceleratorUITests */ = {
			isa = PBXGroup;
			children = (
				7F1786FC27B0CA2800E6A4D8 /* XcceleratorUITests.swift */,
				7F1786FE27B0CA2800E6A4D8 /* XcceleratorUITestsLaunchTests.swift */,
			);
			path = XcceleratorUITests;
			sourceTree = "<group>";
		};
/* End PBXGroup section */

/* Begin PBXNativeTarget section */
		7F1786D727B0CA2400E6A4D8 /* Xccelerator */ = {
			isa = PBXNativeTarget;
			buildConfigurationList = 7F17870227B0CA2800E6A4D8 /* Build configuration list for PBXNativeTarget "Xccelerator" */;
			buildPhases = (
				7F1786D427B0CA2400E6A4D8 /* Sources */,
				7F1786D527B0CA2400E6A4D8 /* Frameworks */,
				7F1786D627B0CA2400E6A4D8 /* Resources */,
			);
			buildRules = (
			);
			dependencies = (
			);
			name = Xccelerator;
			packageProductDependencies = (
				7F17875127B2470500E6A4D8 /* Alamofire */,
			);
			productName = Xccelerator;
			productReference = 7F1786D827B0CA2400E6A4D8 /* Xccelerator.app */;
			productType = "com.apple.product-type.application";
		};
		7F1786ED27B0CA2800E6A4D8 /* XcceleratorTests */ = {
			isa = PBXNativeTarget;
			buildConfigurationList = 7F17870527B0CA2800E6A4D8 /* Build configuration list for PBXNativeTarget "XcceleratorTests" */;
			buildPhases = (
				7F1786EA27B0CA2800E6A4D8 /* Sources */,
				7F1786EB27B0CA2800E6A4D8 /* Frameworks */,
				7F1786EC27B0CA2800E6A4D8 /* Resources */,
			);
			buildRules = (
			);
			dependencies = (
				7F1786F027B0CA2800E6A4D8 /* PBXTargetDependency */,
			);
			name = XcceleratorTests;
			productName = XcceleratorTests;
			productReference = 7F1786EE27B0CA2800E6A4D8 /* XcceleratorTests.xctest */;
			productType = "com.apple.product-type.bundle.unit-test";
		};
		7F1786F727B0CA2800E6A4D8 /* XcceleratorUITests */ = {
			isa = PBXNativeTarget;
			buildConfigurationList = 7F17870827B0CA2800E6A4D8 /* Build configuration list for PBXNativeTarget "XcceleratorUITests" */;
			buildPhases = (
				7F1786F427B0CA2800E6A4D8 /* Sources */,
				7F1786F527B0CA2800E6A4D8 /* Frameworks */,
				7F1786F627B0CA2800E6A4D8 /* Resources */,
			);
			buildRules = (
			);
			dependencies = (
				7F1786FA27B0CA2800E6A4D8 /* PBXTargetDependency */,
			);
			name = XcceleratorUITests;
			productName = XcceleratorUITests;
			productReference = 7F1786F827B0CA2800E6A4D8 /* XcceleratorUITests.xctest */;
			productType = "com.apple.product-type.bundle.ui-testing";
		};
/* End PBXNativeTarget section */

/* Begin PBXProject section */
		7F1786D027B0CA2300E6A4D8 /* Project object */ = {
			isa = PBXProject;
			attributes = {
				BuildIndependentTargetsInParallel = 1;
				LastSwiftUpdateCheck = 1320;
				LastUpgradeCheck = 1320;
				TargetAttributes = {
					7F1786D727B0CA2400E6A4D8 = {
						CreatedOnToolsVersion = 13.2.1;
					};
					7F1786ED27B0CA2800E6A4D8 = {
						CreatedOnToolsVersion = 13.2.1;
						TestTargetID = 7F1786D727B0CA2400E6A4D8;
					};
					7F1786F727B0CA2800E6A4D8 = {
						CreatedOnToolsVersion = 13.2.1;
						TestTargetID = 7F1786D727B0CA2400E6A4D8;
					};
				};
			};
			buildConfigurationList = 7F1786D327B0CA2300E6A4D8 /* Build configuration list for PBXProject "Xccelerator" */;
			compatibilityVersion = "Xcode 13.0";
			developmentRegion = en;
			hasScannedForEncodings = 0;
			knownRegions = (
				en,
				Base,
			);
			mainGroup = 7F1786CF27B0CA2300E6A4D8;
			packageReferences = (
				7F17875027B2470500E6A4D8 /* XCRemoteSwiftPackageReference "Alamofire" */,
			);
			productRefGroup = 7F1786D927B0CA2400E6A4D8 /* Products */;
			projectDirPath = "";
			projectRoot = "";
			targets = (
				7F1786D727B0CA2400E6A4D8 /* Xccelerator */,
				7F1786ED27B0CA2800E6A4D8 /* XcceleratorTests */,
				7F1786F727B0CA2800E6A4D8 /* XcceleratorUITests */,
			);
		};
/* End PBXProject section */

/* Begin PBXResourcesBuildPhase section */
		7F1786D627B0CA2400E6A4D8 /* Resources */ = {
			isa = PBXResourcesBuildPhase;
			buildActionMask = 2147483647;
			files = (
				7F1786E827B0CA2800E6A4D8 /* LaunchScreen.storyboard in Resources */,
				7F1786E527B0CA2800E6A4D8 /* Assets.xcassets in Resources */,
				7F1786E327B0CA2400E6A4D8 /* Main.storyboard in Resources */,
			);
			runOnlyForDeploymentPostprocessing = 0;
		};
		7F1786EC27B0CA2800E6A4D8 /* Resources */ = {
			isa = PBXResourcesBuildPhase;
			buildActionMask = 2147483647;
			files = (
			);
			runOnlyForDeploymentPostprocessing = 0;
		};
		7F1786F627B0CA2800E6A4D8 /* Resources */ = {
			isa = PBXResourcesBuildPhase;
			buildActionMask = 2147483647;
			files = (
			);
			runOnlyForDeploymentPostprocessing = 0;
		};
/* End PBXResourcesBuildPhase section */

/* Begin PBXSourcesBuildPhase section */
		7F1786D427B0CA2400E6A4D8 /* Sources */ = {
			isa = PBXSourcesBuildPhase;
			buildActionMask = 2147483647;
			files = (
				7F1787D127BB7A9600E6A4D8 /* CarPostsCell.swift in Sources */,
				7F1786E027B0CA2400E6A4D8 /* ViewController.swift in Sources */,
				7F17874F27B230D700E6A4D8 /* CarPostViewController.swift in Sources */,
				7F1787D327BC016D00E6A4D8 /* CarViewController.swift in Sources */,
				7F1786DC27B0CA2400E6A4D8 /* AppDelegate.swift in Sources */,
				7F1786DE27B0CA2400E6A4D8 /* SceneDelegate.swift in Sources */,
				7F17875427B2477000E6A4D8 /* APIFunctions.swift in Sources */,
			);
			runOnlyForDeploymentPostprocessing = 0;
		};
		7F1786EA27B0CA2800E6A4D8 /* Sources */ = {
			isa = PBXSourcesBuildPhase;
			buildActionMask = 2147483647;
			files = (
				7F1786F327B0CA2800E6A4D8 /* XcceleratorTests.swift in Sources */,
			);
			runOnlyForDeploymentPostprocessing = 0;
		};
		7F1786F427B0CA2800E6A4D8 /* Sources */ = {
			isa = PBXSourcesBuildPhase;
			buildActionMask = 2147483647;
			files = (
				7F1786FD27B0CA2800E6A4D8 /* XcceleratorUITests.swift in Sources */,
				7F1786FF27B0CA2800E6A4D8 /* XcceleratorUITestsLaunchTests.swift in Sources */,
			);
			runOnlyForDeploymentPostprocessing = 0;
		};
/* End PBXSourcesBuildPhase section */

/* Begin PBXTargetDependency section */
		7F1786F027B0CA2800E6A4D8 /* PBXTargetDependency */ = {
			isa = PBXTargetDependency;
			target = 7F1786D727B0CA2400E6A4D8 /* Xccelerator */;
			targetProxy = 7F1786EF27B0CA2800E6A4D8 /* PBXContainerItemProxy */;
		};
		7F1786FA27B0CA2800E6A4D8 /* PBXTargetDependency */ = {
			isa = PBXTargetDependency;
			target = 7F1786D727B0CA2400E6A4D8 /* Xccelerator */;
			targetProxy = 7F1786F927B0CA2800E6A4D8 /* PBXContainerItemProxy */;
		};
/* End PBXTargetDependency section */

/* Begin PBXVariantGroup section */
		7F1786E127B0CA2400E6A4D8 /* Main.storyboard */ = {
			isa = PBXVariantGroup;
			children = (
				7F1786E227B0CA2400E6A4D8 /* Base */,
			);
			name = Main.storyboard;
			sourceTree = "<group>";
		};
		7F1786E627B0CA2800E6A4D8 /* LaunchScreen.storyboard */ = {
			isa = PBXVariantGroup;
			children = (
				7F1786E727B0CA2800E6A4D8 /* Base */,
			);
			name = LaunchScreen.storyboard;
			sourceTree = "<group>";
		};
/* End PBXVariantGroup section */

/* Begin XCBuildConfiguration section */
		7F17870027B0CA2800E6A4D8 /* Debug */ = {
			isa = XCBuildConfiguration;
			buildSettings = {
				ALWAYS_SEARCH_USER_PATHS = NO;
				CLANG_ANALYZER_NONNULL = YES;
				CLANG_ANALYZER_NUMBER_OBJECT_CONVERSION = YES_AGGRESSIVE;
				CLANG_CXX_LANGUAGE_STANDARD = "gnu++17";
				CLANG_CXX_LIBRARY = "libc++";
				CLANG_ENABLE_MODULES = YES;
				CLANG_ENABLE_OBJC_ARC = YES;
				CLANG_ENABLE_OBJC_WEAK = YES;
				CLANG_WARN_BLOCK_CAPTURE_AUTORELEASING = YES;
				CLANG_WARN_BOOL_CONVERSION = YES;
				CLANG_WARN_COMMA = YES;
				CLANG_WARN_CONSTANT_CONVERSION = YES;
				CLANG_WARN_DEPRECATED_OBJC_IMPLEMENTATIONS = YES;
				CLANG_WARN_DIRECT_OBJC_ISA_USAGE = YES_ERROR;
				CLANG_WARN_DOCUMENTATION_COMMENTS = YES;
				CLANG_WARN_EMPTY_BODY = YES;
				CLANG_WARN_ENUM_CONVERSION = YES;
				CLANG_WARN_INFINITE_RECURSION = YES;
				CLANG_WARN_INT_CONVERSION = YES;
				CLANG_WARN_NON_LITERAL_NULL_CONVERSION = YES;
				CLANG_WARN_OBJC_IMPLICIT_RETAIN_SELF = YES;
				CLANG_WARN_OBJC_LITERAL_CONVERSION = YES;
				CLANG_WARN_OBJC_ROOT_CLASS = YES_ERROR;
				CLANG_WARN_QUOTED_INCLUDE_IN_FRAMEWORK_HEADER = YES;
				CLANG_WARN_RANGE_LOOP_ANALYSIS = YES;
				CLANG_WARN_STRICT_PROTOTYPES = YES;
				CLANG_WARN_SUSPICIOUS_MOVE = YES;
				CLANG_WARN_UNGUARDED_AVAILABILITY = YES_AGGRESSIVE;
				CLANG_WARN_UNREACHABLE_CODE = YES;
				CLANG_WARN__DUPLICATE_METHOD_MATCH = YES;
				COPY_PHASE_STRIP = NO;
				DEBUG_INFORMATION_FORMAT = dwarf;
				ENABLE_STRICT_OBJC_MSGSEND = YES;
				ENABLE_TESTABILITY = YES;
				GCC_C_LANGUAGE_STANDARD = gnu11;
				GCC_DYNAMIC_NO_PIC = NO;
				GCC_NO_COMMON_BLOCKS = YES;
				GCC_OPTIMIZATION_LEVEL = 0;
				GCC_PREPROCESSOR_DEFINITIONS = (
					"DEBUG=1",
					"$(inherited)",
				);
				GCC_WARN_64_TO_32_BIT_CONVERSION = YES;
				GCC_WARN_ABOUT_RETURN_TYPE = YES_ERROR;
				GCC_WARN_UNDECLARED_SELECTOR = YES;
				GCC_WARN_UNINITIALIZED_AUTOS = YES_AGGRESSIVE;
				GCC_WARN_UNUSED_FUNCTION = YES;
				GCC_WARN_UNUSED_VARIABLE = YES;
				IPHONEOS_DEPLOYMENT_TARGET = 15.2;
				MTL_ENABLE_DEBUG_INFO = INCLUDE_SOURCE;
				MTL_FAST_MATH = YES;
				ONLY_ACTIVE_ARCH = YES;
				SDKROOT = iphoneos;
				SWIFT_ACTIVE_COMPILATION_CONDITIONS = DEBUG;
				SWIFT_OPTIMIZATION_LEVEL = "-Onone";
			};
			name = Debug;
		};
		7F17870127B0CA2800E6A4D8 /* Release */ = {
			isa = XCBuildConfiguration;
			buildSettings = {
				ALWAYS_SEARCH_USER_PATHS = NO;
				CLANG_ANALYZER_NONNULL = YES;
				CLANG_ANALYZER_NUMBER_OBJECT_CONVERSION = YES_AGGRESSIVE;
				CLANG_CXX_LANGUAGE_STANDARD = "gnu++17";
				CLANG_CXX_LIBRARY = "libc++";
				CLANG_ENABLE_MODULES = YES;
				CLANG_ENABLE_OBJC_ARC = YES;
				CLANG_ENABLE_OBJC_WEAK = YES;
				CLANG_WARN_BLOCK_CAPTURE_AUTORELEASING = YES;
				CLANG_WARN_BOOL_CONVERSION = YES;
				CLANG_WARN_COMMA = YES;
				CLANG_WARN_CONSTANT_CONVERSION = YES;
				CLANG_WARN_DEPRECATED_OBJC_IMPLEMENTATIONS = YES;
				CLANG_WARN_DIRECT_OBJC_ISA_USAGE = YES_ERROR;
				CLANG_WARN_DOCUMENTATION_COMMENTS = YES;
				CLANG_WARN_EMPTY_BODY = YES;
				CLANG_WARN_ENUM_CONVERSION = YES;
				CLANG_WARN_INFINITE_RECURSION = YES;
				CLANG_WARN_INT_CONVERSION = YES;
				CLANG_WARN_NON_LITERAL_NULL_CONVERSION = YES;
				CLANG_WARN_OBJC_IMPLICIT_RETAIN_SELF = YES;
				CLANG_WARN_OBJC_LITERAL_CONVERSION = YES;
				CLANG_WARN_OBJC_ROOT_CLASS = YES_ERROR;
				CLANG_WARN_QUOTED_INCLUDE_IN_FRAMEWORK_HEADER = YES;
				CLANG_WARN_RANGE_LOOP_ANALYSIS = YES;
				CLANG_WARN_STRICT_PROTOTYPES = YES;
				CLANG_WARN_SUSPICIOUS_MOVE = YES;
				CLANG_WARN_UNGUARDED_AVAILABILITY = YES_AGGRESSIVE;
				CLANG_WARN_UNREACHABLE_CODE = YES;
				CLANG_WARN__DUPLICATE_METHOD_MATCH = YES;
				COPY_PHASE_STRIP = NO;
				DEBUG_INFORMATION_FORMAT = "dwarf-with-dsym";
				ENABLE_NS_ASSERTIONS = NO;
				ENABLE_STRICT_OBJC_MSGSEND = YES;
				GCC_C_LANGUAGE_STANDARD = gnu11;
				GCC_NO_COMMON_BLOCKS = YES;
				GCC_WARN_64_TO_32_BIT_CONVERSION = YES;
				GCC_WARN_ABOUT_RETURN_TYPE = YES_ERROR;
				GCC_WARN_UNDECLARED_SELECTOR = YES;
				GCC_WARN_UNINITIALIZED_AUTOS = YES_AGGRESSIVE;
				GCC_WARN_UNUSED_FUNCTION = YES;
				GCC_WARN_UNUSED_VARIABLE = YES;
				IPHONEOS_DEPLOYMENT_TARGET = 15.2;
				MTL_ENABLE_DEBUG_INFO = NO;
				MTL_FAST_MATH = YES;
				SDKROOT = iphoneos;
				SWIFT_COMPILATION_MODE = wholemodule;
				SWIFT_OPTIMIZATION_LEVEL = "-O";
				VALIDATE_PRODUCT = YES;
			};
			name = Release;
		};
		7F17870327B0CA2800E6A4D8 /* Debug */ = {
			isa = XCBuildConfiguration;
			buildSettings = {
				ASSETCATALOG_COMPILER_APPICON_NAME = AppIcon;
				ASSETCATALOG_COMPILER_GLOBAL_ACCENT_COLOR_NAME = AccentColor;
				CODE_SIGN_STYLE = Automatic;
				CURRENT_PROJECT_VERSION = 1;
				DEVELOPMENT_TEAM = 5P99L67C3M;
				GENERATE_INFOPLIST_FILE = YES;
				INFOPLIST_FILE = Xccelerator/Info.plist;
				INFOPLIST_KEY_UIApplicationSupportsIndirectInputEvents = YES;
				INFOPLIST_KEY_UILaunchStoryboardName = LaunchScreen;
				INFOPLIST_KEY_UIMainStoryboardFile = Main;
				INFOPLIST_KEY_UISupportedInterfaceOrientations_iPad = "UIInterfaceOrientationPortrait UIInterfaceOrientationPortraitUpsideDown UIInterfaceOrientationLandscapeLeft UIInterfaceOrientationLandscapeRight";
				INFOPLIST_KEY_UISupportedInterfaceOrientations_iPhone = "UIInterfaceOrientationPortrait UIInterfaceOrientationLandscapeLeft UIInterfaceOrientationLandscapeRight";
				LD_RUNPATH_SEARCH_PATHS = (
					"$(inherited)",
					"@executable_path/Frameworks",
				);
				MARKETING_VERSION = 1.0;
				PRODUCT_BUNDLE_IDENTIFIER = com.sarmjes.Xccelerator;
				PRODUCT_NAME = "$(TARGET_NAME)";
				SWIFT_EMIT_LOC_STRINGS = YES;
				SWIFT_VERSION = 5.0;
				TARGETED_DEVICE_FAMILY = "1,2";
			};
			name = Debug;
		};
		7F17870427B0CA2800E6A4D8 /* Release */ = {
			isa = XCBuildConfiguration;
			buildSettings = {
				ASSETCATALOG_COMPILER_APPICON_NAME = AppIcon;
				ASSETCATALOG_COMPILER_GLOBAL_ACCENT_COLOR_NAME = AccentColor;
				CODE_SIGN_STYLE = Automatic;
				CURRENT_PROJECT_VERSION = 1;
				DEVELOPMENT_TEAM = 5P99L67C3M;
				GENERATE_INFOPLIST_FILE = YES;
				INFOPLIST_FILE = Xccelerator/Info.plist;
				INFOPLIST_KEY_UIApplicationSupportsIndirectInputEvents = YES;
				INFOPLIST_KEY_UILaunchStoryboardName = LaunchScreen;
				INFOPLIST_KEY_UIMainStoryboardFile = Main;
				INFOPLIST_KEY_UISupportedInterfaceOrientations_iPad = "UIInterfaceOrientationPortrait UIInterfaceOrientationPortraitUpsideDown UIInterfaceOrientationLandscapeLeft UIInterfaceOrientationLandscapeRight";
				INFOPLIST_KEY_UISupportedInterfaceOrientations_iPhone = "UIInterfaceOrientationPortrait UIInterfaceOrientationLandscapeLeft UIInterfaceOrientationLandscapeRight";
				LD_RUNPATH_SEARCH_PATHS = (
					"$(inherited)",
					"@executable_path/Frameworks",
				);
				MARKETING_VERSION = 1.0;
				PRODUCT_BUNDLE_IDENTIFIER = com.sarmjes.Xccelerator;
				PRODUCT_NAME = "$(TARGET_NAME)";
				SWIFT_EMIT_LOC_STRINGS = YES;
				SWIFT_VERSION = 5.0;
				TARGETED_DEVICE_FAMILY = "1,2";
			};
			name = Release;
		};
		7F17870627B0CA2800E6A4D8 /* Debug */ = {
			isa = XCBuildConfiguration;
			buildSettings = {
				ALWAYS_EMBED_SWIFT_STANDARD_LIBRARIES = YES;
				BUNDLE_LOADER = "$(TEST_HOST)";
				CODE_SIGN_STYLE = Automatic;
				CURRENT_PROJECT_VERSION = 1;
				DEVELOPMENT_TEAM = 5P99L67C3M;
				GENERATE_INFOPLIST_FILE = YES;
				IPHONEOS_DEPLOYMENT_TARGET = 15.2;
				MARKETING_VERSION = 1.0;
				PRODUCT_BUNDLE_IDENTIFIER = com.sarmjes.XcceleratorTests;
				PRODUCT_NAME = "$(TARGET_NAME)";
				SWIFT_EMIT_LOC_STRINGS = NO;
				SWIFT_VERSION = 5.0;
				TARGETED_DEVICE_FAMILY = "1,2";
				TEST_HOST = "$(BUILT_PRODUCTS_DIR)/Xccelerator.app/Xccelerator";
			};
			name = Debug;
		};
		7F17870727B0CA2800E6A4D8 /* Release */ = {
			isa = XCBuildConfiguration;
			buildSettings = {
				ALWAYS_EMBED_SWIFT_STANDARD_LIBRARIES = YES;
				BUNDLE_LOADER = "$(TEST_HOST)";
				CODE_SIGN_STYLE = Automatic;
				CURRENT_PROJECT_VERSION = 1;
				DEVELOPMENT_TEAM = 5P99L67C3M;
				GENERATE_INFOPLIST_FILE = YES;
				IPHONEOS_DEPLOYMENT_TARGET = 15.2;
				MARKETING_VERSION = 1.0;
				PRODUCT_BUNDLE_IDENTIFIER = com.sarmjes.XcceleratorTests;
				PRODUCT_NAME = "$(TARGET_NAME)";
				SWIFT_EMIT_LOC_STRINGS = NO;
				SWIFT_VERSION = 5.0;
				TARGETED_DEVICE_FAMILY = "1,2";
				TEST_HOST = "$(BUILT_PRODUCTS_DIR)/Xccelerator.app/Xccelerator";
			};
			name = Release;
		};
		7F17870927B0CA2800E6A4D8 /* Debug */ = {
			isa = XCBuildConfiguration;
			buildSettings = {
				ALWAYS_EMBED_SWIFT_STANDARD_LIBRARIES = YES;
				CODE_SIGN_STYLE = Automatic;
				CURRENT_PROJECT_VERSION = 1;
				DEVELOPMENT_TEAM = 5P99L67C3M;
				GENERATE_INFOPLIST_FILE = YES;
				MARKETING_VERSION = 1.0;
				PRODUCT_BUNDLE_IDENTIFIER = com.sarmjes.XcceleratorUITests;
				PRODUCT_NAME = "$(TARGET_NAME)";
				SWIFT_EMIT_LOC_STRINGS = NO;
				SWIFT_VERSION = 5.0;
				TARGETED_DEVICE_FAMILY = "1,2";
				TEST_TARGET_NAME = Xccelerator;
			};
			name = Debug;
		};
		7F17870A27B0CA2800E6A4D8 /* Release */ = {
			isa = XCBuildConfiguration;
			buildSettings = {
				ALWAYS_EMBED_SWIFT_STANDARD_LIBRARIES = YES;
				CODE_SIGN_STYLE = Automatic;
				CURRENT_PROJECT_VERSION = 1;
				DEVELOPMENT_TEAM = 5P99L67C3M;
				GENERATE_INFOPLIST_FILE = YES;
				MARKETING_VERSION = 1.0;
				PRODUCT_BUNDLE_IDENTIFIER = com.sarmjes.XcceleratorUITests;
				PRODUCT_NAME = "$(TARGET_NAME)";
				SWIFT_EMIT_LOC_STRINGS = NO;
				SWIFT_VERSION = 5.0;
				TARGETED_DEVICE_FAMILY = "1,2";
				TEST_TARGET_NAME = Xccelerator;
			};
			name = Release;
		};
/* End XCBuildConfiguration section */

/* Begin XCConfigurationList section */
		7F1786D327B0CA2300E6A4D8 /* Build configuration list for PBXProject "Xccelerator" */ = {
			isa = XCConfigurationList;
			buildConfigurations = (
				7F17870027B0CA2800E6A4D8 /* Debug */,
				7F17870127B0CA2800E6A4D8 /* Release */,
			);
			defaultConfigurationIsVisible = 0;
			defaultConfigurationName = Release;
		};
		7F17870227B0CA2800E6A4D8 /* Build configuration list for PBXNativeTarget "Xccelerator" */ = {
			isa = XCConfigurationList;
			buildConfigurations = (
				7F17870327B0CA2800E6A4D8 /* Debug */,
				7F17870427B0CA2800E6A4D8 /* Release */,
			);
			defaultConfigurationIsVisible = 0;
			defaultConfigurationName = Release;
		};
		7F17870527B0CA2800E6A4D8 /* Build configuration list for PBXNativeTarget "XcceleratorTests" */ = {
			isa = XCConfigurationList;
			buildConfigurations = (
				7F17870627B0CA2800E6A4D8 /* Debug */,
				7F17870727B0CA2800E6A4D8 /* Release */,
			);
			defaultConfigurationIsVisible = 0;
			defaultConfigurationName = Release;
		};
		7F17870827B0CA2800E6A4D8 /* Build configuration list for PBXNativeTarget "XcceleratorUITests" */ = {
			isa = XCConfigurationList;
			buildConfigurations = (
				7F17870927B0CA2800E6A4D8 /* Debug */,
				7F17870A27B0CA2800E6A4D8 /* Release */,
			);
			defaultConfigurationIsVisible = 0;
			defaultConfigurationName = Release;
		};
/* End XCConfigurationList section */

/* Begin XCRemoteSwiftPackageReference section */
		7F17875027B2470500E6A4D8 /* XCRemoteSwiftPackageReference "Alamofire" */ = {
			isa = XCRemoteSwiftPackageReference;
			repositoryURL = "https://github.com/Alamofire/Alamofire.git";
			requirement = {
				kind = upToNextMajorVersion;
				minimumVersion = 5.0.0;
			};
		};
/* End XCRemoteSwiftPackageReference section */

/* Begin XCSwiftPackageProductDependency section */
		7F17875127B2470500E6A4D8 /* Alamofire */ = {
			isa = XCSwiftPackageProductDependency;
			package = 7F17875027B2470500E6A4D8 /* XCRemoteSwiftPackageReference "Alamofire" */;
			productName = Alamofire;
		};
/* End XCSwiftPackageProductDependency section */
	};
	rootObject = 7F1786D027B0CA2300E6A4D8 /* Project object */;
}
